{
  "lockfileVersion": 1,
  "configVersion": 1,
  "workspaces": {
    "": {
      "devDependencies": {
        "preact-render-to-string": "^6.6.5",
      },
    },
  },
  "packages": {
    "preact": ["preact@10.28.2", "", {}, "sha512-lbteaWGzGHdlIuiJ0l2Jq454m6kcpI1zNje6d8MlGAFlYvP2GO4ibnat7P74Esfz4sPTdM6UxtTwh/d3pwM9JA=="],

    "preact-render-to-string": ["preact-render-to-string@6.6.5", "", { "peerDependencies": { "preact": ">=10 || >= 11.0.0-0" } }, "sha512-O6MHzYNIKYaiSX3bOw0gGZfEbOmlIDtDfWwN1JJdc/T3ihzRT6tGGSEWE088dWrEDGa1u7101q+6fzQnO9XCPA=="],
  }
}
